
Microsoft Visual Studio Solution File, Format Version 12.00
# Visual Studio Version 17
VisualStudioVersion = 17.10.35027.167
MinimumVisualStudioVersion = 10.0.40219.1
Project("{9A19103F-16F7-4668-BE54-9A1E7A4F7556}") = "WinTech", "WinTech\WinTech.csproj", "{B53752DA-EF09-468F-BFAE-F6A7E05B6DB5}"
EndProject
Project("{9A19103F-16F7-4668-BE54-9A1E7A4F7556}") = "DAL", "DAL\DAL.csproj", "{A959D327-0DE9-4801-86D1-3524D3A5B7FC}"
EndProject
Project("{9A19103F-16F7-4668-BE54-9A1E7A4F7556}") = "BLL", "BLL\BLL.csproj", "{B5ADAC4C-61DE-4A84-A89B-3D6628F0869C}"
EndProject
Project("{FAE04EC0-301F-11D3-BF4B-00C04F79EFBC}") = "UI", "UI\UI.csproj", "{3EA17083-EAAF-464C-A679-9A29E7E42DE8}"
EndProject
Global
	GlobalSection(SolutionConfigurationPlatforms) = preSolution
		Debug|Any CPU = Debug|Any CPU
		Release|Any CPU = Release|Any CPU
	EndGlobalSection
	GlobalSection(ProjectConfigurationPlatforms) = postSolution
		{B53752DA-EF09-468F-BFAE-F6A7E05B6DB5}.Debug|Any CPU.ActiveCfg = Debug|Any CPU
		{B53752DA-EF09-468F-BFAE-F6A7E05B6DB5}.Debug|Any CPU.Build.0 = Debug|Any CPU
		{B53752DA-EF09-468F-BFAE-F6A7E05B6DB5}.Release|Any CPU.ActiveCfg = Release|Any CPU
		{B53752DA-EF09-468F-BFAE-F6A7E05B6DB5}.Release|Any CPU.Build.0 = Release|Any CPU
		{A959D327-0DE9-4801-86D1-3524D3A5B7FC}.Debug|Any CPU.ActiveCfg = Debug|Any CPU
		{A959D327-0DE9-4801-86D1-3524D3A5B7FC}.Debug|Any CPU.Build.0 = Debug|Any CPU
		{A959D327-0DE9-4801-86D1-3524D3A5B7FC}.Release|Any CPU.ActiveCfg = Release|Any CPU
		{A959D327-0DE9-4801-86D1-3524D3A5B7FC}.Release|Any CPU.Build.0 = Release|Any CPU
		{B5ADAC4C-61DE-4A84-A89B-3D6628F0869C}.Debug|Any CPU.ActiveCfg = Debug|Any CPU
		{B5ADAC4C-61DE-4A84-A89B-3D6628F0869C}.Debug|Any CPU.Build.0 = Debug|Any CPU
		{B5ADAC4C-61DE-4A84-A89B-3D6628F0869C}.Release|Any CPU.ActiveCfg = Release|Any CPU
		{B5ADAC4C-61DE-4A84-A89B-3D6628F0869C}.Release|Any CPU.Build.0 = Release|Any CPU
		{3EA17083-EAAF-464C-A679-9A29E7E42DE8}.Debug|Any CPU.ActiveCfg = Debug|Any CPU
		{3EA17083-EAAF-464C-A679-9A29E7E42DE8}.Debug|Any CPU.Build.0 = Debug|Any CPU
		{3EA17083-EAAF-464C-A679-9A29E7E42DE8}.Release|Any CPU.ActiveCfg = Release|Any CPU
		{3EA17083-EAAF-464C-A679-9A29E7E42DE8}.Release|Any CPU.Build.0 = Release|Any CPU
	EndGlobalSection
	GlobalSection(SolutionProperties) = preSolution
		HideSolutionNode = FALSE
	EndGlobalSection
	GlobalSection(ExtensibilityGlobals) = postSolution
		SolutionGuid = {A8EFA2DD-F8BA-4B67-B812-8E596DC28023}
	EndGlobalSection
EndGlobal
